{
  "name": "styx",
  "version": "1.0.1",
  "lockfileVersion": 1,
  "requires": true,
  "dependencies": {
    "js-sha256": {
      "version": "0.9.0",
      "resolved": "https://registry.npmjs.org/js-sha256/-/js-sha256-0.9.0.tgz",
      "integrity": "sha512-sga3MHh9sgQN2+pJ9VYZ+1LPwXOxuBJBA5nrR5/ofPfuiJBE2hnjsaN8se8JznOmGLN2p49Pe5U/ttafcs/apA=="
    },
    "node-persist": {
      "version": "3.1.0",
      "resolved": "https://registry.npmjs.org/node-persist/-/node-persist-3.1.0.tgz",
      "integrity": "sha512-/j+fd/u71wNgKf3V2bx4tnDm+3GvLnlCuvf2MXbJ3wern+67IAb6zN9Leu1tCWPlPNZ+v1hLSibVukkPK2HqJw=="
    },
    "ws": {
      "version": "7.5.0",
      "resolved": "https://registry.npmjs.org/ws/-/ws-7.5.0.tgz",
      "integrity": "sha512-6ezXvzOZupqKj4jUqbQ9tXuJNo+BR2gU8fFRk3XCP3e0G6WT414u5ELe6Y0vtp7kmSJ3F7YWObSNr1ESsgi4vw=="
    }
  }
}
